// !$*UTF8*$!
{
	archiveVersion = 1;
	classes = {
	};
	objectVersion = 50;
	objects = {

/* Begin PBXBuildFile section */
		3011D2E721834197000FD657 /* AppDelegate.swift in Sources */ = {isa = PBXBuildFile; fileRef = 3011D2E621834197000FD657 /* AppDelegate.swift */; };
		3011D2E921834197000FD657 /* ViewController.swift in Sources */ = {isa = PBXBuildFile; fileRef = 3011D2E821834197000FD657 /* ViewController.swift */; };
		3011D2EC21834197000FD657 /* Main.storyboard in Resources */ = {isa = PBXBuildFile; fileRef = 3011D2EA21834197000FD657 /* Main.storyboard */; };
		3011D2EE21834197000FD657 /* Assets.xcassets in Resources */ = {isa = PBXBuildFile; fileRef = 3011D2ED21834197000FD657 /* Assets.xcassets */; };
		3011D2F121834197000FD657 /* LaunchScreen.storyboard in Resources */ = {isa = PBXBuildFile; fileRef = 3011D2EF21834197000FD657 /* LaunchScreen.storyboard */; };
		3011D2FC21834197000FD657 /* coubterTests.swift in Sources */ = {isa = PBXBuildFile; fileRef = 3011D2FB21834197000FD657 /* coubterTests.swift */; };
		3011D30721834197000FD657 /* coubterUITests.swift in Sources */ = {isa = PBXBuildFile; fileRef = 3011D30621834197000FD657 /* coubterUITests.swift */; };
/* End PBXBuildFile section */

/* Begin PBXContainerItemProxy section */
		3011D2F821834197000FD657 /* PBXContainerItemProxy */ = {
			isa = PBXContainerItemProxy;
			containerPortal = 3011D2DB21834197000FD657 /* Project object */;
			proxyType = 1;
			remoteGlobalIDString = 3011D2E221834197000FD657;
			remoteInfo = coubter;
		};
		3011D30321834197000FD657 /* PBXContainerItemProxy */ = {
			isa = PBXContainerItemProxy;
			containerPortal = 3011D2DB21834197000FD657 /* Project object */;
			proxyType = 1;
			remoteGlobalIDString = 3011D2E221834197000FD657;
			remoteInfo = coubter;
		};
/* End PBXContainerItemProxy section */

/* Begin PBXFileReference section */
		3011D2E321834197000FD657 /* coubter.app */ = {isa = PBXFileReference; explicitFileType = wrapper.application; includeInIndex = 0; path = coubter.app; sourceTree = BUILT_PRODUCTS_DIR; };
		3011D2E621834197000FD657 /* AppDelegate.swift */ = {isa = PBXFileReference; lastKnownFileType = sourcecode.swift; path = AppDelegate.swift; sourceTree = "<group>"; };
		3011D2E821834197000FD657 /* ViewController.swift */ = {isa = PBXFileReference; lastKnownFileType = sourcecode.swift; path = ViewController.swift; sourceTree = "<group>"; };
		3011D2EB21834197000FD657 /* Base */ = {isa = PBXFileReference; lastKnownFileType = file.storyboard; name = Base; path = Base.lproj/Main.storyboard; sourceTree = "<group>"; };
		3011D2ED21834197000FD657 /* Assets.xcassets */ = {isa = PBXFileReference; lastKnownFileType = folder.assetcatalog; path = Assets.xcassets; sourceTree = "<group>"; };
		3011D2F021834197000FD657 /* Base */ = {isa = PBXFileReference; lastKnownFileType = file.storyboard; name = Base; path = Base.lproj/LaunchScreen.storyboard; sourceTree = "<group>"; };
		3011D2F221834197000FD657 /* Info.plist */ = {isa = PBXFileReference; lastKnownFileType = text.plist.xml; path = Info.plist; sourceTree = "<group>"; };
		3011D2F721834197000FD657 /* coubterTests.xctest */ = {isa = PBXFileReference; explicitFileType = wrapper.cfbundle; includeInIndex = 0; path = coubterTests.xctest; sourceTree = BUILT_PRODUCTS_DIR; };
		3011D2FB21834197000FD657 /* coubterTests.swift */ = {isa = PBXFileReference; lastKnownFileType = sourcecode.swift; path = coubterTests.swift; sourceTree = "<group>"; };
		3011D2FD21834197000FD657 /* Info.plist */ = {isa = PBXFileReference; lastKnownFileType = text.plist.xml; path = Info.plist; sourceTree = "<group>"; };
		3011D30221834197000FD657 /* coubterUITests.xctest */ = {isa = PBXFileReference; explicitFileType = wrapper.cfbundle; includeInIndex = 0; path = coubterUITests.xctest; sourceTree = BUILT_PRODUCTS_DIR; };
		3011D30621834197000FD657 /* coubterUITests.swift */ = {isa = PBXFileReference; lastKnownFileType = sourcecode.swift; path = coubterUITests.swift; sourceTree = "<group>"; };
		3011D30821834197000FD657 /* Info.plist */ = {isa = PBXFileReference; lastKnownFileType = text.plist.xml; path = Info.plist; sourceTree = "<group>"; };
/* End PBXFileReference section */

/* Begin PBXFrameworksBuildPhase section */
		3011D2E021834197000FD657 /* Frameworks */ = {
			isa = PBXFrameworksBuildPhase;
			buildActionMask = 2147483647;
			files = (
			);
			runOnlyForDeploymentPostprocessing = 0;
		};
		3011D2F421834197000FD657 /* Frameworks */ = {
			isa = PBXFrameworksBuildPhase;
			buildActionMask = 2147483647;
			files = (
			);
			runOnlyForDeploymentPostprocessing = 0;
		};
		3011D2FF21834197000FD657 /* Frameworks */ = {
			isa = PBXFrameworksBuildPhase;
			buildActionMask = 2147483647;
			files = (
			);
			runOnlyForDeploymentPostprocessing = 0;
		};
/* End PBXFrameworksBuildPhase section */

/* Begin PBXGroup section */
		3011D2DA21834197000FD657 = {
			isa = PBXGroup;
			children = (
				3011D2E521834197000FD657 /* coubter */,
				3011D2FA21834197000FD657 /* coubterTests */,
				3011D30521834197000FD657 /* coubterUITests */,
				3011D2E421834197000FD657 /* Products */,
			);
			sourceTree = "<group>";
		};
		3011D2E421834197000FD657 /* Products */ = {
			isa = PBXGroup;
			children = (
				3011D2E321834197000FD657 /* coubter.app */,
				3011D2F721834197000FD657 /* coubterTests.xctest */,
				3011D30221834197000FD657 /* coubterUITests.xctest */,
			);
			name = Products;
			sourceTree = "<group>";
		};
		3011D2E521834197000FD657 /* coubter */ = {
			isa = PBXGroup;
			children = (
				3011D2E621834197000FD657 /* AppDelegate.swift */,
				3011D2E821834197000FD657 /* ViewController.swift */,
				3011D2EA21834197000FD657 /* Main.storyboard */,
				3011D2ED21834197000FD657 /* Assets.xcassets */,
				3011D2EF21834197000FD657 /* LaunchScreen.storyboard */,
				3011D2F221834197000FD657 /* Info.plist */,
			);
			path = coubter;
			sourceTree = "<group>";
		};
		3011D2FA21834197000FD657 /* coubterTests */ = {
			isa = PBXGroup;
			children = (
				3011D2FB21834197000FD657 /* coubterTests.swift */,
				3011D2FD21834197000FD657 /* Info.plist */,
			);
			path = coubterTests;
			sourceTree = "<group>";
		};
		3011D30521834197000FD657 /* coubterUITests */ = {
			isa = PBXGroup;
			children = (
				3011D30621834197000FD657 /* coubterUITests.swift */,
				3011D30821834197000FD657 /* Info.plist */,
			);
			path = coubterUITests;
			sourceTree = "<group>";
		};
/* End PBXGroup section */

/* Begin PBXNativeTarget section */
		3011D2E221834197000FD657 /* coubter */ = {
			isa = PBXNativeTarget;
			buildConfigurationList = 3011D30B21834197000FD657 /* Build configuration list for PBXNativeTarget "coubter" */;
			buildPhases = (
				3011D2DF21834197000FD657 /* Sources */,
				3011D2E021834197000FD657 /* Frameworks */,
				3011D2E121834197000FD657 /* Resources */,
			);
			buildRules = (
			);
			dependencies = (
			);
			name = coubter;
			productName = coubter;
			productReference = 3011D2E321834197000FD657 /* coubter.app */;
			productType = "com.apple.product-type.application";
		};
		3011D2F621834197000FD657 /* coubterTests */ = {
			isa = PBXNativeTarget;
			buildConfigurationList = 3011D30E21834197000FD657 /* Build configuration list for PBXNativeTarget "coubterTests" */;
			buildPhases = (
				3011D2F321834197000FD657 /* Sources */,
				3011D2F421834197000FD657 /* Frameworks */,
				3011D2F521834197000FD657 /* Resources */,
			);
			buildRules = (
			);
			dependencies = (
				3011D2F921834197000FD657 /* PBXTargetDependency */,
			);
			name = coubterTests;
			productName = coubterTests;
			productReference = 3011D2F721834197000FD657 /* coubterTests.xctest */;
			productType = "com.apple.product-type.bundle.unit-test";
		};
		3011D30121834197000FD657 /* coubterUITests */ = {
			isa = PBXNativeTarget;
			buildConfigurationList = 3011D31121834197000FD657 /* Build configuration list for PBXNativeTarget "coubterUITests" */;
			buildPhases = (
				3011D2FE21834197000FD657 /* Sources */,
				3011D2FF21834197000FD657 /* Frameworks */,
				3011D30021834197000FD657 /* Resources */,
			);
			buildRules = (
			);
			dependencies = (
				3011D30421834197000FD657 /* PBXTargetDependency */,
			);
			name = coubterUITests;
			productName = coubterUITests;
			productReference = 3011D30221834197000FD657 /* coubterUITests.xctest */;
			productType = "com.apple.product-type.bundle.ui-testing";
		};
/* End PBXNativeTarget section */

/* Begin PBXProject section */
		3011D2DB21834197000FD657 /* Project object */ = {
			isa = PBXProject;
			attributes = {
				LastSwiftUpdateCheck = 1000;
				LastUpgradeCheck = 1000;
				ORGANIZATIONNAME = s20171106521;
				TargetAttributes = {
					3011D2E221834197000FD657 = {
						CreatedOnToolsVersion = 10.0;
					};
					3011D2F621834197000FD657 = {
						CreatedOnToolsVersion = 10.0;
						TestTargetID = 3011D2E221834197000FD657;
					};
					3011D30121834197000FD657 = {
						CreatedOnToolsVersion = 10.0;
						TestTargetID = 3011D2E221834197000FD657;
					};
				};
			};
			buildConfigurationList = 3011D2DE21834197000FD657 /* Build configuration list for PBXProject "coubter" */;
			compatibilityVersion = "Xcode 9.3";
			developmentRegion = en;
			hasScannedForEncodings = 0;
			knownRegions = (
				en,
				Base,
			);
			mainGroup = 3011D2DA21834197000FD657;
			productRefGroup = 3011D2E421834197000FD657 /* Products */;
			projectDirPath = "";
			projectRoot = "";
			targets = (
				3011D2E221834197000FD657 /* coubter */,
				3011D2F621834197000FD657 /* coubterTests */,
				3011D30121834197000FD657 /* coubterUITests */,
			);
		};
/* End PBXProject section */

/* Begin PBXResourcesBuildPhase section */
		3011D2E121834197000FD657 /* Resources */ = {
			isa = PBXResourcesBuildPhase;
			buildActionMask = 2147483647;
			files = (
				3011D2F121834197000FD657 /* LaunchScreen.storyboard in Resources */,
				3011D2EE21834197000FD657 /* Assets.xcassets in Resources */,
				3011D2EC21834197000FD657 /* Main.storyboard in Resources */,
			);
			runOnlyForDeploymentPostprocessing = 0;
		};
		3011D2F521834197000FD657 /* Resources */ = {
			isa = PBXResourcesBuildPhase;
			buildActionMask = 2147483647;
			files = (
			);
			runOnlyForDeploymentPostprocessing = 0;
		};
		3011D30021834197000FD657 /* Resources */ = {
			isa = PBXResourcesBuildPhase;
			buildActionMask = 2147483647;
			files = (
			);
			runOnlyForDeploymentPostprocessing = 0;
		};
/* End PBXResourcesBuildPhase section */

/* Begin PBXSourcesBuildPhase section */
		3011D2DF21834197000FD657 /* Sources */ = {
			isa = PBXSourcesBuildPhase;
			buildActionMask = 2147483647;
			files = (
				3011D2E921834197000FD657 /* ViewController.swift in Sources */,
				3011D2E721834197000FD657 /* AppDelegate.swift in Sources */,
			);
			runOnlyForDeploymentPostprocessing = 0;
		};
		3011D2F321834197000FD657 /* Sources */ = {
			isa = PBXSourcesBuildPhase;
			buildActionMask = 2147483647;
			files = (
				3011D2FC21834197000FD657 /* coubterTests.swift in Sources */,
			);
			runOnlyForDeploymentPostprocessing = 0;
		};
		3011D2FE21834197000FD657 /* Sources */ = {
			isa = PBXSourcesBuildPhase;
			buildActionMask = 2147483647;
			files = (
				3011D30721834197000FD657 /* coubterUITests.swift in Sources */,
			);
			runOnlyForDeploymentPostprocessing = 0;
		};
/* End PBXSourcesBuildPhase section */

/* Begin PBXTargetDependency section */
		3011D2F921834197000FD657 /* PBXTargetDependency */ = {
			isa = PBXTargetDependency;
			target = 3011D2E221834197000FD657 /* coubter */;
			targetProxy = 3011D2F821834197000FD657 /* PBXContainerItemProxy */;
		};
		3011D30421834197000FD657 /* PBXTargetDependency */ = {
			isa = PBXTargetDependency;
			target = 3011D2E221834197000FD657 /* coubter */;
			targetProxy = 3011D30321834197000FD657 /* PBXContainerItemProxy */;
		};
/* End PBXTargetDependency section */

/* Begin PBXVariantGroup section */
		3011D2EA21834197000FD657 /* Main.storyboard */ = {
			isa = PBXVariantGroup;
			children = (
				3011D2EB21834197000FD657 /* Base */,
			);
			name = Main.storyboard;
			sourceTree = "<group>";
		};
		3011D2EF21834197000FD657 /* LaunchScreen.storyboard */ = {
			isa = PBXVariantGroup;
			children = (
				3011D2F021834197000FD657 /* Base */,
			);
			name = LaunchScreen.storyboard;
			sourceTree = "<group>";
		};
/* End PBXVariantGroup section */

/* Begin XCBuildConfiguration section */
		3011D30921834197000FD657 /* Debug */ = {
			isa = XCBuildConfiguration;
			buildSettings = {
				ALWAYS_SEARCH_USER_PATHS = NO;
				CLANG_ANALYZER_NONNULL = YES;
				CLANG_ANALYZER_NUMBER_OBJECT_CONVERSION = YES_AGGRESSIVE;
				CLANG_CXX_LANGUAGE_STANDARD = "gnu++14";
				CLANG_CXX_LIBRARY = "libc++";
				CLANG_ENABLE_MODULES = YES;
				CLANG_ENABLE_OBJC_ARC = YES;
				CLANG_ENABLE_OBJC_WEAK = YES;
				CLANG_WARN_BLOCK_CAPTURE_AUTORELEASING = YES;
				CLANG_WARN_BOOL_CONVERSION = YES;
				CLANG_WARN_COMMA = YES;
				CLANG_WARN_CONSTANT_CONVERSION = YES;
				CLANG_WARN_DEPRECATED_OBJC_IMPLEMENTATIONS = YES;
				CLANG_WARN_DIRECT_OBJC_ISA_USAGE = YES_ERROR;
				CLANG_WARN_DOCUMENTATION_COMMENTS = YES;
				CLANG_WARN_EMPTY_BODY = YES;
				CLANG_WARN_ENUM_CONVERSION = YES;
				CLANG_WARN_INFINITE_RECURSION = YES;
				CLANG_WARN_INT_CONVERSION = YES;
				CLANG_WARN_NON_LITERAL_NULL_CONVERSION = YES;
				CLANG_WARN_OBJC_IMPLICIT_RETAIN_SELF = YES;
				CLANG_WARN_OBJC_LITERAL_CONVERSION = YES;
				CLANG_WARN_OBJC_ROOT_CLASS = YES_ERROR;
				CLANG_WARN_RANGE_LOOP_ANALYSIS = YES;
				CLANG_WARN_STRICT_PROTOTYPES = YES;
				CLANG_WARN_SUSPICIOUS_MOVE = YES;
				CLANG_WARN_UNGUARDED_AVAILABILITY = YES_AGGRESSIVE;
				CLANG_WARN_UNREACHABLE_CODE = YES;
				CLANG_WARN__DUPLICATE_METHOD_MATCH = YES;
				CODE_SIGN_IDENTITY = "iPhone Developer";
				COPY_PHASE_STRIP = NO;
				DEBUG_INFORMATION_FORMAT = dwarf;
				ENABLE_STRICT_OBJC_MSGSEND = YES;
				ENABLE_TESTABILITY = YES;
				GCC_C_LANGUAGE_STANDARD = gnu11;
				GCC_DYNAMIC_NO_PIC = NO;
				GCC_NO_COMMON_BLOCKS = YES;
				GCC_OPTIMIZATION_LEVEL = 0;
				GCC_PREPROCESSOR_DEFINITIONS = (
					"DEBUG=1",
					"$(inherited)",
				);
				GCC_WARN_64_TO_32_BIT_CONVERSION = YES;
				GCC_WARN_ABOUT_RETURN_TYPE = YES_ERROR;
				GCC_WARN_UNDECLARED_SELECTOR = YES;
				GCC_WARN_UNINITIALIZED_AUTOS = YES_AGGRESSIVE;
				GCC_WARN_UNUSED_FUNCTION = YES;
				GCC_WARN_UNUSED_VARIABLE = YES;
				IPHONEOS_DEPLOYMENT_TARGET = 12.0;
				MTL_ENABLE_DEBUG_INFO = INCLUDE_SOURCE;
				MTL_FAST_MATH = YES;
				ONLY_ACTIVE_ARCH = YES;
				SDKROOT = iphoneos;
				SWIFT_ACTIVE_COMPILATION_CONDITIONS = DEBUG;
				SWIFT_OPTIMIZATION_LEVEL = "-Onone";
			};
			name = Debug;
		};
		3011D30A21834197000FD657 /* Release */ = {
			isa = XCBuildConfiguration;
			buildSettings = {
				ALWAYS_SEARCH_USER_PATHS = NO;
				CLANG_ANALYZER_NONNULL = YES;
				CLANG_ANALYZER_NUMBER_OBJECT_CONVERSION = YES_AGGRESSIVE;
				CLANG_CXX_LANGUAGE_STANDARD = "gnu++14";
				CLANG_CXX_LIBRARY = "libc++";
				CLANG_ENABLE_MODULES = YES;
				CLANG_ENABLE_OBJC_ARC = YES;
				CLANG_ENABLE_OBJC_WEAK = YES;
				CLANG_WARN_BLOCK_CAPTURE_AUTORELEASING = YES;
				CLANG_WARN_BOOL_CONVERSION = YES;
				CLANG_WARN_COMMA = YES;
				CLANG_WARN_CONSTANT_CONVERSION = YES;
				CLANG_WARN_DEPRECATED_OBJC_IMPLEMENTATIONS = YES;
				CLANG_WARN_DIRECT_OBJC_ISA_USAGE = YES_ERROR;
				CLANG_WARN_DOCUMENTATION_COMMENTS = YES;
				CLANG_WARN_EMPTY_BODY = YES;
				CLANG_WARN_ENUM_CONVERSION = YES;
				CLANG_WARN_INFINITE_RECURSION = YES;
				CLANG_WARN_INT_CONVERSION = YES;
				CLANG_WARN_NON_LITERAL_NULL_CONVERSION = YES;
				CLANG_WARN_OBJC_IMPLICIT_RETAIN_SELF = YES;
				CLANG_WARN_OBJC_LITERAL_CONVERSION = YES;
				CLANG_WARN_OBJC_ROOT_CLASS = YES_ERROR;
				CLANG_WARN_RANGE_LOOP_ANALYSIS = YES;
				CLANG_WARN_STRICT_PROTOTYPES = YES;
				CLANG_WARN_SUSPICIOUS_MOVE = YES;
				CLANG_WARN_UNGUARDED_AVAILABILITY = YES_AGGRESSIVE;
				CLANG_WARN_UNREACHABLE_CODE = YES;
				CLANG_WARN__DUPLICATE_METHOD_MATCH = YES;
				CODE_SIGN_IDENTITY = "iPhone Developer";
				COPY_PHASE_STRIP = NO;
				DEBUG_INFORMATION_FORMAT = "dwarf-with-dsym";
				ENABLE_NS_ASSERTIONS = NO;
				ENABLE_STRICT_OBJC_MSGSEND = YES;
				GCC_C_LANGUAGE_STANDARD = gnu11;
				GCC_NO_COMMON_BLOCKS = YES;
				GCC_WARN_64_TO_32_BIT_CONVERSION = YES;
				GCC_WARN_ABOUT_RETURN_TYPE = YES_ERROR;
				GCC_WARN_UNDECLARED_SELECTOR = YES;
				GCC_WARN_UNINITIALIZED_AUTOS = YES_AGGRESSIVE;
				GCC_WARN_UNUSED_FUNCTION = YES;
				GCC_WARN_UNUSED_VARIABLE = YES;
				IPHONEOS_DEPLOYMENT_TARGET = 12.0;
				MTL_ENABLE_DEBUG_INFO = NO;
				MTL_FAST_MATH = YES;
				SDKROOT = iphoneos;
				SWIFT_COMPILATION_MODE = wholemodule;
				SWIFT_OPTIMIZATION_LEVEL = "-O";
				VALIDATE_PRODUCT = YES;
			};
			name = Release;
		};
		3011D30C21834197000FD657 /* Debug */ = {
			isa = XCBuildConfiguration;
			buildSettings = {
				ASSETCATALOG_COMPILER_APPICON_NAME = AppIcon;
				CODE_SIGN_STYLE = Automatic;
				INFOPLIST_FILE = coubter/Info.plist;
				LD_RUNPATH_SEARCH_PATHS = (
					"$(inherited)",
					"@executable_path/Frameworks",
				);
				PRODUCT_BUNDLE_IDENTIFIER = zxf.coubter;
				PRODUCT_NAME = "$(TARGET_NAME)";
				SWIFT_VERSION = 4.2;
				TARGETED_DEVICE_FAMILY = "1,2";
			};
			name = Debug;
		};
		3011D30D21834197000FD657 /* Release */ = {
			isa = XCBuildConfiguration;
			buildSettings = {
				ASSETCATALOG_COMPILER_APPICON_NAME = AppIcon;
				CODE_SIGN_STYLE = Automatic;
				INFOPLIST_FILE = coubter/Info.plist;
				LD_RUNPATH_SEARCH_PATHS = (
					"$(inherited)",
					"@executable_path/Frameworks",
				);
				PRODUCT_BUNDLE_IDENTIFIER = zxf.coubter;
				PRODUCT_NAME = "$(TARGET_NAME)";
				SWIFT_VERSION = 4.2;
				TARGETED_DEVICE_FAMILY = "1,2";
			};
			name = Release;
		};
		3011D30F21834197000FD657 /* Debug */ = {
			isa = XCBuildConfiguration;
			buildSettings = {
				ALWAYS_EMBED_SWIFT_STANDARD_LIBRARIES = YES;
				BUNDLE_LOADER = "$(TEST_HOST)";
				CODE_SIGN_STYLE = Automatic;
				INFOPLIST_FILE = coubterTests/Info.plist;
				LD_RUNPATH_SEARCH_PATHS = (
					"$(inherited)",
					"@executable_path/Frameworks",
					"@loader_path/Frameworks",
				);
				PRODUCT_BUNDLE_IDENTIFIER = zxf.coubterTests;
				PRODUCT_NAME = "$(TARGET_NAME)";
				SWIFT_VERSION = 4.2;
				TARGETED_DEVICE_FAMILY = "1,2";
				TEST_HOST = "$(BUILT_PRODUCTS_DIR)/coubter.app/coubter";
			};
			name = Debug;
		};
		3011D31021834197000FD657 /* Release */ = {
			isa = XCBuildConfiguration;
			buildSettings = {
				ALWAYS_EMBED_SWIFT_STANDARD_LIBRARIES = YES;
				BUNDLE_LOADER = "$(TEST_HOST)";
				CODE_SIGN_STYLE = Automatic;
				INFOPLIST_FILE = coubterTests/Info.plist;
				LD_RUNPATH_SEARCH_PATHS = (
					"$(inherited)",
					"@executable_path/Frameworks",
					"@loader_path/Frameworks",
				);
				PRODUCT_BUNDLE_IDENTIFIER = zxf.coubterTests;
				PRODUCT_NAME = "$(TARGET_NAME)";
				SWIFT_VERSION = 4.2;
				TARGETED_DEVICE_FAMILY = "1,2";
				TEST_HOST = "$(BUILT_PRODUCTS_DIR)/coubter.app/coubter";
			};
			name = Release;
		};
		3011D31221834197000FD657 /* Debug */ = {
			isa = XCBuildConfiguration;
			buildSettings = {
				ALWAYS_EMBED_SWIFT_STANDARD_LIBRARIES = YES;
				CODE_SIGN_STYLE = Automatic;
				INFOPLIST_FILE = coubterUITests/Info.plist;
				LD_RUNPATH_SEARCH_PATHS = (
					"$(inherited)",
					"@executable_path/Frameworks",
					"@loader_path/Frameworks",
				);
				PRODUCT_BUNDLE_IDENTIFIER = zxf.coubterUITests;
				PRODUCT_NAME = "$(TARGET_NAME)";
				SWIFT_VERSION = 4.2;
				TARGETED_DEVICE_FAMILY = "1,2";
				TEST_TARGET_NAME = coubter;
			};
			name = Debug;
		};
		3011D31321834197000FD657 /* Release */ = {
			isa = XCBuildConfiguration;
			buildSettings = {
				ALWAYS_EMBED_SWIFT_STANDARD_LIBRARIES = YES;
				CODE_SIGN_STYLE = Automatic;
				INFOPLIST_FILE = coubterUITests/Info.plist;
				LD_RUNPATH_SEARCH_PATHS = (
					"$(inherited)",
					"@executable_path/Frameworks",
					"@loader_path/Frameworks",
				);
				PRODUCT_BUNDLE_IDENTIFIER = zxf.coubterUITests;
				PRODUCT_NAME = "$(TARGET_NAME)";
				SWIFT_VERSION = 4.2;
				TARGETED_DEVICE_FAMILY = "1,2";
				TEST_TARGET_NAME = coubter;
			};
			name = Release;
		};
/* End XCBuildConfiguration section */

/* Begin XCConfigurationList section */
		3011D2DE21834197000FD657 /* Build configuration list for PBXProject "coubter" */ = {
			isa = XCConfigurationList;
			buildConfigurations = (
				3011D30921834197000FD657 /* Debug */,
				3011D30A21834197000FD657 /* Release */,
			);
			defaultConfigurationIsVisible = 0;
			defaultConfigurationName = Release;
		};
		3011D30B21834197000FD657 /* Build configuration list for PBXNativeTarget "coubter" */ = {
			isa = XCConfigurationList;
			buildConfigurations = (
				3011D30C21834197000FD657 /* Debug */,
				3011D30D21834197000FD657 /* Release */,
			);
			defaultConfigurationIsVisible = 0;
			defaultConfigurationName = Release;
		};
		3011D30E21834197000FD657 /* Build configuration list for PBXNativeTarget "coubterTests" */ = {
			isa = XCConfigurationList;
			buildConfigurations = (
				3011D30F21834197000FD657 /* Debug */,
				3011D31021834197000FD657 /* Release */,
			);
			defaultConfigurationIsVisible = 0;
			defaultConfigurationName = Release;
		};
		3011D31121834197000FD657 /* Build configuration list for PBXNativeTarget "coubterUITests" */ = {
			isa = XCConfigurationList;
			buildConfigurations = (
				3011D31221834197000FD657 /* Debug */,
				3011D31321834197000FD657 /* Release */,
			);
			defaultConfigurationIsVisible = 0;
			defaultConfigurationName = Release;
		};
/* End XCConfigurationList section */
	};
	rootObject = 3011D2DB21834197000FD657 /* Project object */;
}
